
Microsoft Visual Studio Solution File, Format Version 12.00
# Visual Studio Version 17
VisualStudioVersion = 17.3.32825.248
MinimumVisualStudioVersion = 10.0.40219.1
Project("{FAE04EC0-301F-11D3-BF4B-00C04F79EFBC}") = "PiniginaDA_01_09", "PiniginaDA_01_09\PiniginaDA_01_09.csproj", "{EF38059F-ED93-4068-B28E-6305B5316466}"
EndProject
Project("{FAE04EC0-301F-11D3-BF4B-00C04F79EFBC}") = "Test_PiniginaDA_01_09", "Test_PiniginaDA_01_09\Test_PiniginaDA_01_09.csproj", "{6FBAD7FF-18B4-4103-BD81-F2701FE2C705}"
EndProject
Global
	GlobalSection(SolutionConfigurationPlatforms) = preSolution
		Debug|Any CPU = Debug|Any CPU
		Release|Any CPU = Release|Any CPU
	EndGlobalSection
	GlobalSection(ProjectConfigurationPlatforms) = postSolution
		{EF38059F-ED93-4068-B28E-6305B5316466}.Debug|Any CPU.ActiveCfg = Debug|Any CPU
		{EF38059F-ED93-4068-B28E-6305B5316466}.Debug|Any CPU.Build.0 = Debug|Any CPU
		{EF38059F-ED93-4068-B28E-6305B5316466}.Release|Any CPU.ActiveCfg = Release|Any CPU
		{EF38059F-ED93-4068-B28E-6305B5316466}.Release|Any CPU.Build.0 = Release|Any CPU
		{6FBAD7FF-18B4-4103-BD81-F2701FE2C705}.Debug|Any CPU.ActiveCfg = Debug|Any CPU
		{6FBAD7FF-18B4-4103-BD81-F2701FE2C705}.Debug|Any CPU.Build.0 = Debug|Any CPU
		{6FBAD7FF-18B4-4103-BD81-F2701FE2C705}.Release|Any CPU.ActiveCfg = Release|Any CPU
		{6FBAD7FF-18B4-4103-BD81-F2701FE2C705}.Release|Any CPU.Build.0 = Release|Any CPU
	EndGlobalSection
	GlobalSection(SolutionProperties) = preSolution
		HideSolutionNode = FALSE
	EndGlobalSection
	GlobalSection(ExtensibilityGlobals) = postSolution
		SolutionGuid = {EBBC2B39-270E-4B08-966C-52167BDC97B2}
	EndGlobalSection
EndGlobal
